
Microsoft Visual Studio Solution File, Format Version 12.00
# Visual Studio 15
VisualStudioVersion = 15.0.27130.2036
MinimumVisualStudioVersion = 10.0.40219.1
Project("{2150E333-8FDC-42A3-9474-1A3956D46DE8}") = "Documents", "Documents", "{663DC05D-FDC6-4EAB-AC4B-983D486B92B9}"
	ProjectSection(SolutionItems) = preProject
		appveyor.yml = appveyor.yml
		LICENSE.txt = LICENSE.txt
		README.md = README.md
	EndProjectSection
EndProject
Project("{2150E333-8FDC-42A3-9474-1A3956D46DE8}") = "Files", "Files", "{D6456F11-40CB-4E55-8761-FF2199A7004C}"
	ProjectSection(SolutionItems) = preProject
		analysisRules.ruleset = analysisRules.ruleset
		xunit.runner.json = xunit.runner.json
	EndProjectSection
EndProject
Project("{D954291E-2A0B-460D-934E-DC6B0785DB48}") = "Cli-Shared", "Cli-Shared\Cli-Shared.shproj", "{19770407-94D5-49D3-8ED1-C72637BA7D90}"
EndProject
Project("{FAE04EC0-301F-11D3-BF4B-00C04F79EFBC}") = "Cli-CredentialHelper", "Cli-CredentialHelper\Cli-CredentialHelper.csproj", "{19770407-63D4-40A8-A9DF-F1C4B473308A}"
EndProject
Project("{FAE04EC0-301F-11D3-BF4B-00C04F79EFBC}") = "Cli-Askpass", "Cli-AskPass\Cli-Askpass.csproj", "{19770407-B33A-4EBE-92B8-04C93F43CAE0}"
EndProject
Project("{FAE04EC0-301F-11D3-BF4B-00C04F79EFBC}") = "Microsoft.Alm.Authentication.Test", "Microsoft.Alm.Authentication.Test\Microsoft.Alm.Authentication.Test.csproj", "{19781214-371F-415C-93C5-44CEAA0E9A34}"
EndProject
Project("{FAE04EC0-301F-11D3-BF4B-00C04F79EFBC}") = "Microsoft.Vsts.Authentication.Test", "Microsoft.Vsts.Authentication.Test\Microsoft.Vsts.Authentication.Test.csproj", "{19781214-5254-464A-BC69-FAC502046564}"
EndProject
Project("{FAE04EC0-301F-11D3-BF4B-00C04F79EFBC}") = "Bitbucket.Authentication.Test", "Bitbucket.Authentication.Test\Bitbucket.Authentication.Test.csproj", "{AECD6D57-F900-4D43-A01A-4AA3C68F39C2}"
EndProject
Project("{FAE04EC0-301F-11D3-BF4B-00C04F79EFBC}") = "Cli-CredentialHelper.Test", "Cli-CredentialHelper.Test\Cli-CredentialHelper.Test.csproj", "{19781214-AE6D-4DCC-BA9F-12CB0C6581AE}"
EndProject
Project("{D954291E-2A0B-460D-934E-DC6B0785DB48}") = "Gui-Shared", "Gui-Shared\Gui-Shared.shproj", "{4A4F5ADA-7166-4799-BC7C-D5882637CF7A}"
EndProject
Project("{FAE04EC0-301F-11D3-BF4B-00C04F79EFBC}") = "GitHub.Authentication.Test", "GitHub.Authentication.Test\GitHub.Authentication.Test.csproj", "{F24E0E80-8DDB-41D4-9F94-DCBC0CE81583}"
EndProject
Project("{FAE04EC0-301F-11D3-BF4B-00C04F79EFBC}") = "Installer", "Installer\Installer.proj", "{19770407-3808-4B17-9EE0-21DD3468F875}"
EndProject
Project("{9A19103F-16F7-4668-BE54-9A1E7A4F7556}") = "Microsoft.Alm.Authentication.Standard", "Microsoft.Alm.Authentication.Standard\Microsoft.Alm.Authentication.Standard.csproj", "{F60E6F70-2271-483A-B408-4BD69D3E4C4F}"
EndProject
Project("{9A19103F-16F7-4668-BE54-9A1E7A4F7556}") = "Microsoft.Vsts.Authentication.Standard", "Microsoft.Vsts.Authentication.Standard\Microsoft.Vsts.Authentication.Standard.csproj", "{4FFDF2C4-1D0B-4F7F-84A7-112CB3C9D294}"
EndProject
Project("{9A19103F-16F7-4668-BE54-9A1E7A4F7556}") = "Bitbucket.Authentication.Standard", "Bitbucket.Authentication.Standard\Bitbucket.Authentication.Standard.csproj", "{4BFD8D81-DD72-48C4-82AE-F95754ACE80C}"
EndProject
Project("{FAE04EC0-301F-11D3-BF4B-00C04F79EFBC}") = "Bitbucket.Authentication.Win32", "Bitbucket.Authentication.Win32\Bitbucket.Authentication.Win32.csproj", "{333A7DBC-6E13-4D42-865C-B974E78468A7}"
EndProject
Project("{9A19103F-16F7-4668-BE54-9A1E7A4F7556}") = "GitHub.Authentication.Standard", "GitHub.Authentication.Standard\GitHub.Authentication.Standard.csproj", "{C8D6AE60-B442-40F9-89B8-95D489C4164C}"
EndProject
Project("{FAE04EC0-301F-11D3-BF4B-00C04F79EFBC}") = "GitHub.Authentication.Win32", "GitHub.Authentication.Win32\GitHub.Authentication.Win32.csproj", "{24A80B80-1FA2-4A0D-B3B6-C0DB18C04133}"
EndProject
Project("{FAE04EC0-301F-11D3-BF4B-00C04F79EFBC}") = "GitHub.Authentication.Tester.Win32", "GitHub.Authentication.Tester.Win32\GitHub.Authentication.Tester.Win32.csproj", "{8958C58C-3407-4168-9D45-976EF124852C}"
EndProject
Project("{2150E333-8FDC-42A3-9474-1A3956D46DE8}") = "Solution Items", "Solution Items", "{94663694-CF4F-4D16-BE61-65513239D899}"
EndProject
Global
	GlobalSection(SharedMSBuildProjectFiles) = preSolution
		Cli-Shared\Cli-Shared.projitems*{19770407-63d4-40a8-a9df-f1c4b473308a}*SharedItemsImports = 4
		Cli-Shared\Cli-Shared.projitems*{19770407-94d5-49d3-8ed1-c72637ba7d90}*SharedItemsImports = 13
		Cli-Shared\Cli-Shared.projitems*{19770407-b33a-4ebe-92b8-04c93f43cae0}*SharedItemsImports = 4
		Gui-Shared\Gui-Shared.projitems*{24a80b80-1fa2-4a0d-b3b6-c0db18c04133}*SharedItemsImports = 4
		Gui-Shared\Gui-Shared.projitems*{333a7dbc-6e13-4d42-865c-b974e78468a7}*SharedItemsImports = 4
		Gui-Shared\Gui-Shared.projitems*{4a4f5ada-7166-4799-bc7c-d5882637cf7a}*SharedItemsImports = 13
	EndGlobalSection
	GlobalSection(SolutionConfigurationPlatforms) = preSolution
		Debug|Any CPU = Debug|Any CPU
		Debug|x64 = Debug|x64
		Debug|x86 = Debug|x86
		Release|Any CPU = Release|Any CPU
		Release|x64 = Release|x64
		Release|x86 = Release|x86
	EndGlobalSection
	GlobalSection(ProjectConfigurationPlatforms) = postSolution
		{19770407-63D4-40A8-A9DF-F1C4B473308A}.Debug|Any CPU.ActiveCfg = Debug|Any CPU
		{19770407-63D4-40A8-A9DF-F1C4B473308A}.Debug|Any CPU.Build.0 = Debug|Any CPU
		{19770407-63D4-40A8-A9DF-F1C4B473308A}.Debug|x64.ActiveCfg = Debug|Any CPU
		{19770407-63D4-40A8-A9DF-F1C4B473308A}.Debug|x64.Build.0 = Debug|Any CPU
		{19770407-63D4-40A8-A9DF-F1C4B473308A}.Debug|x86.ActiveCfg = Debug|Any CPU
		{19770407-63D4-40A8-A9DF-F1C4B473308A}.Debug|x86.Build.0 = Debug|Any CPU
		{19770407-63D4-40A8-A9DF-F1C4B473308A}.Release|Any CPU.ActiveCfg = Release|Any CPU
		{19770407-63D4-40A8-A9DF-F1C4B473308A}.Release|Any CPU.Build.0 = Release|Any CPU
		{19770407-63D4-40A8-A9DF-F1C4B473308A}.Release|x64.ActiveCfg = Release|Any CPU
		{19770407-63D4-40A8-A9DF-F1C4B473308A}.Release|x64.Build.0 = Release|Any CPU
		{19770407-63D4-40A8-A9DF-F1C4B473308A}.Release|x86.ActiveCfg = Release|Any CPU
		{19770407-63D4-40A8-A9DF-F1C4B473308A}.Release|x86.Build.0 = Release|Any CPU
		{19770407-B33A-4EBE-92B8-04C93F43CAE0}.Debug|Any CPU.ActiveCfg = Debug|Any CPU
		{19770407-B33A-4EBE-92B8-04C93F43CAE0}.Debug|Any CPU.Build.0 = Debug|Any CPU
		{19770407-B33A-4EBE-92B8-04C93F43CAE0}.Debug|x64.ActiveCfg = Debug|Any CPU
		{19770407-B33A-4EBE-92B8-04C93F43CAE0}.Debug|x64.Build.0 = Debug|Any CPU
		{19770407-B33A-4EBE-92B8-04C93F43CAE0}.Debug|x86.ActiveCfg = Debug|Any CPU
		{19770407-B33A-4EBE-92B8-04C93F43CAE0}.Debug|x86.Build.0 = Debug|Any CPU
		{19770407-B33A-4EBE-92B8-04C93F43CAE0}.Release|Any CPU.ActiveCfg = Release|Any CPU
		{19770407-B33A-4EBE-92B8-04C93F43CAE0}.Release|Any CPU.Build.0 = Release|Any CPU
		{19770407-B33A-4EBE-92B8-04C93F43CAE0}.Release|x64.ActiveCfg = Release|Any CPU
		{19770407-B33A-4EBE-92B8-04C93F43CAE0}.Release|x64.Build.0 = Release|Any CPU
		{19770407-B33A-4EBE-92B8-04C93F43CAE0}.Release|x86.ActiveCfg = Release|Any CPU
		{19770407-B33A-4EBE-92B8-04C93F43CAE0}.Release|x86.Build.0 = Release|Any CPU
		{19781214-371F-415C-93C5-44CEAA0E9A34}.Debug|Any CPU.ActiveCfg = Debug|Any CPU
		{19781214-371F-415C-93C5-44CEAA0E9A34}.Debug|Any CPU.Build.0 = Debug|Any CPU
		{19781214-371F-415C-93C5-44CEAA0E9A34}.Debug|x64.ActiveCfg = Debug|Any CPU
		{19781214-371F-415C-93C5-44CEAA0E9A34}.Debug|x64.Build.0 = Debug|Any CPU
		{19781214-371F-415C-93C5-44CEAA0E9A34}.Debug|x86.ActiveCfg = Debug|Any CPU
		{19781214-371F-415C-93C5-44CEAA0E9A34}.Debug|x86.Build.0 = Debug|Any CPU
		{19781214-371F-415C-93C5-44CEAA0E9A34}.Release|Any CPU.ActiveCfg = Debug|Any CPU
		{19781214-371F-415C-93C5-44CEAA0E9A34}.Release|Any CPU.Build.0 = Debug|Any CPU
		{19781214-371F-415C-93C5-44CEAA0E9A34}.Release|x64.ActiveCfg = Debug|Any CPU
		{19781214-371F-415C-93C5-44CEAA0E9A34}.Release|x64.Build.0 = Debug|Any CPU
		{19781214-371F-415C-93C5-44CEAA0E9A34}.Release|x86.ActiveCfg = Debug|Any CPU
		{19781214-371F-415C-93C5-44CEAA0E9A34}.Release|x86.Build.0 = Debug|Any CPU
		{19781214-5254-464A-BC69-FAC502046564}.Debug|Any CPU.ActiveCfg = Debug|Any CPU
		{19781214-5254-464A-BC69-FAC502046564}.Debug|Any CPU.Build.0 = Debug|Any CPU
		{19781214-5254-464A-BC69-FAC502046564}.Debug|x64.ActiveCfg = Debug|Any CPU
		{19781214-5254-464A-BC69-FAC502046564}.Debug|x64.Build.0 = Debug|Any CPU
		{19781214-5254-464A-BC69-FAC502046564}.Debug|x86.ActiveCfg = Debug|Any CPU
		{19781214-5254-464A-BC69-FAC502046564}.Debug|x86.Build.0 = Debug|Any CPU
		{19781214-5254-464A-BC69-FAC502046564}.Release|Any CPU.ActiveCfg = Debug|Any CPU
		{19781214-5254-464A-BC69-FAC502046564}.Release|Any CPU.Build.0 = Debug|Any CPU
		{19781214-5254-464A-BC69-FAC502046564}.Release|x64.ActiveCfg = Debug|Any CPU
		{19781214-5254-464A-BC69-FAC502046564}.Release|x64.Build.0 = Debug|Any CPU
		{19781214-5254-464A-BC69-FAC502046564}.Release|x86.ActiveCfg = Debug|Any CPU
		{19781214-5254-464A-BC69-FAC502046564}.Release|x86.Build.0 = Debug|Any CPU
		{AECD6D57-F900-4D43-A01A-4AA3C68F39C2}.Debug|Any CPU.ActiveCfg = Debug|Any CPU
		{AECD6D57-F900-4D43-A01A-4AA3C68F39C2}.Debug|Any CPU.Build.0 = Debug|Any CPU
		{AECD6D57-F900-4D43-A01A-4AA3C68F39C2}.Debug|x64.ActiveCfg = Debug|Any CPU
		{AECD6D57-F900-4D43-A01A-4AA3C68F39C2}.Debug|x64.Build.0 = Debug|Any CPU
		{AECD6D57-F900-4D43-A01A-4AA3C68F39C2}.Debug|x86.ActiveCfg = Debug|Any CPU
		{AECD6D57-F900-4D43-A01A-4AA3C68F39C2}.Debug|x86.Build.0 = Debug|Any CPU
		{AECD6D57-F900-4D43-A01A-4AA3C68F39C2}.Release|Any CPU.ActiveCfg = Debug|Any CPU
		{AECD6D57-F900-4D43-A01A-4AA3C68F39C2}.Release|Any CPU.Build.0 = Debug|Any CPU
		{AECD6D57-F900-4D43-A01A-4AA3C68F39C2}.Release|x64.ActiveCfg = Release|Any CPU
		{AECD6D57-F900-4D43-A01A-4AA3C68F39C2}.Release|x64.Build.0 = Release|Any CPU
		{AECD6D57-F900-4D43-A01A-4AA3C68F39C2}.Release|x86.ActiveCfg = Release|Any CPU
		{AECD6D57-F900-4D43-A01A-4AA3C68F39C2}.Release|x86.Build.0 = Release|Any CPU
		{19781214-AE6D-4DCC-BA9F-12CB0C6581AE}.Debug|Any CPU.ActiveCfg = Debug|Any CPU
		{19781214-AE6D-4DCC-BA9F-12CB0C6581AE}.Debug|Any CPU.Build.0 = Debug|Any CPU
		{19781214-AE6D-4DCC-BA9F-12CB0C6581AE}.Debug|x64.ActiveCfg = Debug|Any CPU
		{19781214-AE6D-4DCC-BA9F-12CB0C6581AE}.Debug|x64.Build.0 = Debug|Any CPU
		{19781214-AE6D-4DCC-BA9F-12CB0C6581AE}.Debug|x86.ActiveCfg = Debug|Any CPU
		{19781214-AE6D-4DCC-BA9F-12CB0C6581AE}.Debug|x86.Build.0 = Debug|Any CPU
		{19781214-AE6D-4DCC-BA9F-12CB0C6581AE}.Release|Any CPU.ActiveCfg = Debug|Any CPU
		{19781214-AE6D-4DCC-BA9F-12CB0C6581AE}.Release|Any CPU.Build.0 = Debug|Any CPU
		{19781214-AE6D-4DCC-BA9F-12CB0C6581AE}.Release|x64.ActiveCfg = Debug|Any CPU
		{19781214-AE6D-4DCC-BA9F-12CB0C6581AE}.Release|x64.Build.0 = Debug|Any CPU
		{19781214-AE6D-4DCC-BA9F-12CB0C6581AE}.Release|x86.ActiveCfg = Debug|Any CPU
		{19781214-AE6D-4DCC-BA9F-12CB0C6581AE}.Release|x86.Build.0 = Debug|Any CPU
		{F24E0E80-8DDB-41D4-9F94-DCBC0CE81583}.Debug|Any CPU.ActiveCfg = Debug|Any CPU
		{F24E0E80-8DDB-41D4-9F94-DCBC0CE81583}.Debug|Any CPU.Build.0 = Debug|Any CPU
		{F24E0E80-8DDB-41D4-9F94-DCBC0CE81583}.Debug|x64.ActiveCfg = Debug|Any CPU
		{F24E0E80-8DDB-41D4-9F94-DCBC0CE81583}.Debug|x64.Build.0 = Debug|Any CPU
		{F24E0E80-8DDB-41D4-9F94-DCBC0CE81583}.Debug|x86.ActiveCfg = Debug|Any CPU
		{F24E0E80-8DDB-41D4-9F94-DCBC0CE81583}.Debug|x86.Build.0 = Debug|Any CPU
		{F24E0E80-8DDB-41D4-9F94-DCBC0CE81583}.Release|Any CPU.ActiveCfg = Debug|Any CPU
		{F24E0E80-8DDB-41D4-9F94-DCBC0CE81583}.Release|Any CPU.Build.0 = Debug|Any CPU
		{F24E0E80-8DDB-41D4-9F94-DCBC0CE81583}.Release|x64.ActiveCfg = Release|Any CPU
		{F24E0E80-8DDB-41D4-9F94-DCBC0CE81583}.Release|x64.Build.0 = Release|Any CPU
		{F24E0E80-8DDB-41D4-9F94-DCBC0CE81583}.Release|x86.ActiveCfg = Release|Any CPU
		{F24E0E80-8DDB-41D4-9F94-DCBC0CE81583}.Release|x86.Build.0 = Release|Any CPU
		{19770407-3808-4B17-9EE0-21DD3468F875}.Debug|Any CPU.ActiveCfg = Debug|Any CPU
		{19770407-3808-4B17-9EE0-21DD3468F875}.Debug|Any CPU.Build.0 = Debug|Any CPU
		{19770407-3808-4B17-9EE0-21DD3468F875}.Debug|x64.ActiveCfg = Debug|Any CPU
		{19770407-3808-4B17-9EE0-21DD3468F875}.Debug|x64.Build.0 = Debug|Any CPU
		{19770407-3808-4B17-9EE0-21DD3468F875}.Debug|x86.ActiveCfg = Debug|Any CPU
		{19770407-3808-4B17-9EE0-21DD3468F875}.Debug|x86.Build.0 = Debug|Any CPU
		{19770407-3808-4B17-9EE0-21DD3468F875}.Release|Any CPU.ActiveCfg = Release|Any CPU
		{19770407-3808-4B17-9EE0-21DD3468F875}.Release|Any CPU.Build.0 = Release|Any CPU
		{19770407-3808-4B17-9EE0-21DD3468F875}.Release|x64.ActiveCfg = Release|Any CPU
		{19770407-3808-4B17-9EE0-21DD3468F875}.Release|x64.Build.0 = Release|Any CPU
		{19770407-3808-4B17-9EE0-21DD3468F875}.Release|x86.ActiveCfg = Release|Any CPU
		{19770407-3808-4B17-9EE0-21DD3468F875}.Release|x86.Build.0 = Release|Any CPU
		{F60E6F70-2271-483A-B408-4BD69D3E4C4F}.Debug|Any CPU.ActiveCfg = Debug|Any CPU
		{F60E6F70-2271-483A-B408-4BD69D3E4C4F}.Debug|Any CPU.Build.0 = Debug|Any CPU
		{F60E6F70-2271-483A-B408-4BD69D3E4C4F}.Debug|x64.ActiveCfg = Debug|Any CPU
		{F60E6F70-2271-483A-B408-4BD69D3E4C4F}.Debug|x64.Build.0 = Debug|Any CPU
		{F60E6F70-2271-483A-B408-4BD69D3E4C4F}.Debug|x86.ActiveCfg = Debug|Any CPU
		{F60E6F70-2271-483A-B408-4BD69D3E4C4F}.Debug|x86.Build.0 = Debug|Any CPU
		{F60E6F70-2271-483A-B408-4BD69D3E4C4F}.Release|Any CPU.ActiveCfg = Release|Any CPU
		{F60E6F70-2271-483A-B408-4BD69D3E4C4F}.Release|Any CPU.Build.0 = Release|Any CPU
		{F60E6F70-2271-483A-B408-4BD69D3E4C4F}.Release|x64.ActiveCfg = Release|Any CPU
		{F60E6F70-2271-483A-B408-4BD69D3E4C4F}.Release|x64.Build.0 = Release|Any CPU
		{F60E6F70-2271-483A-B408-4BD69D3E4C4F}.Release|x86.ActiveCfg = Release|Any CPU
		{F60E6F70-2271-483A-B408-4BD69D3E4C4F}.Release|x86.Build.0 = Release|Any CPU
		{4FFDF2C4-1D0B-4F7F-84A7-112CB3C9D294}.Debug|Any CPU.ActiveCfg = Debug|Any CPU
		{4FFDF2C4-1D0B-4F7F-84A7-112CB3C9D294}.Debug|Any CPU.Build.0 = Debug|Any CPU
		{4FFDF2C4-1D0B-4F7F-84A7-112CB3C9D294}.Debug|x64.ActiveCfg = Debug|Any CPU
		{4FFDF2C4-1D0B-4F7F-84A7-112CB3C9D294}.Debug|x64.Build.0 = Debug|Any CPU
		{4FFDF2C4-1D0B-4F7F-84A7-112CB3C9D294}.Debug|x86.ActiveCfg = Debug|Any CPU
		{4FFDF2C4-1D0B-4F7F-84A7-112CB3C9D294}.Debug|x86.Build.0 = Debug|Any CPU
		{4FFDF2C4-1D0B-4F7F-84A7-112CB3C9D294}.Release|Any CPU.ActiveCfg = Release|Any CPU
		{4FFDF2C4-1D0B-4F7F-84A7-112CB3C9D294}.Release|Any CPU.Build.0 = Release|Any CPU
		{4FFDF2C4-1D0B-4F7F-84A7-112CB3C9D294}.Release|x64.ActiveCfg = Release|Any CPU
		{4FFDF2C4-1D0B-4F7F-84A7-112CB3C9D294}.Release|x64.Build.0 = Release|Any CPU
		{4FFDF2C4-1D0B-4F7F-84A7-112CB3C9D294}.Release|x86.ActiveCfg = Release|Any CPU
		{4FFDF2C4-1D0B-4F7F-84A7-112CB3C9D294}.Release|x86.Build.0 = Release|Any CPU
		{4BFD8D81-DD72-48C4-82AE-F95754ACE80C}.Debug|Any CPU.ActiveCfg = Debug|Any CPU
		{4BFD8D81-DD72-48C4-82AE-F95754ACE80C}.Debug|Any CPU.Build.0 = Debug|Any CPU
		{4BFD8D81-DD72-48C4-82AE-F95754ACE80C}.Debug|x64.ActiveCfg = Debug|Any CPU
		{4BFD8D81-DD72-48C4-82AE-F95754ACE80C}.Debug|x64.Build.0 = Debug|Any CPU
		{4BFD8D81-DD72-48C4-82AE-F95754ACE80C}.Debug|x86.ActiveCfg = Debug|Any CPU
		{4BFD8D81-DD72-48C4-82AE-F95754ACE80C}.Debug|x86.Build.0 = Debug|Any CPU
		{4BFD8D81-DD72-48C4-82AE-F95754ACE80C}.Release|Any CPU.ActiveCfg = Release|Any CPU
		{4BFD8D81-DD72-48C4-82AE-F95754ACE80C}.Release|Any CPU.Build.0 = Release|Any CPU
		{4BFD8D81-DD72-48C4-82AE-F95754ACE80C}.Release|x64.ActiveCfg = Release|Any CPU
		{4BFD8D81-DD72-48C4-82AE-F95754ACE80C}.Release|x64.Build.0 = Release|Any CPU
		{4BFD8D81-DD72-48C4-82AE-F95754ACE80C}.Release|x86.ActiveCfg = Release|Any CPU
		{4BFD8D81-DD72-48C4-82AE-F95754ACE80C}.Release|x86.Build.0 = Release|Any CPU
		{333A7DBC-6E13-4D42-865C-B974E78468A7}.Debug|Any CPU.ActiveCfg = Debug|Any CPU
		{333A7DBC-6E13-4D42-865C-B974E78468A7}.Debug|Any CPU.Build.0 = Debug|Any CPU
		{333A7DBC-6E13-4D42-865C-B974E78468A7}.Debug|x64.ActiveCfg = Debug|Any CPU
		{333A7DBC-6E13-4D42-865C-B974E78468A7}.Debug|x64.Build.0 = Debug|Any CPU
		{333A7DBC-6E13-4D42-865C-B974E78468A7}.Debug|x86.ActiveCfg = Debug|Any CPU
		{333A7DBC-6E13-4D42-865C-B974E78468A7}.Debug|x86.Build.0 = Debug|Any CPU
		{333A7DBC-6E13-4D42-865C-B974E78468A7}.Release|Any CPU.ActiveCfg = Release|Any CPU
		{333A7DBC-6E13-4D42-865C-B974E78468A7}.Release|Any CPU.Build.0 = Release|Any CPU
		{333A7DBC-6E13-4D42-865C-B974E78468A7}.Release|x64.ActiveCfg = Release|Any CPU
		{333A7DBC-6E13-4D42-865C-B974E78468A7}.Release|x64.Build.0 = Release|Any CPU
		{333A7DBC-6E13-4D42-865C-B974E78468A7}.Release|x86.ActiveCfg = Release|Any CPU
		{333A7DBC-6E13-4D42-865C-B974E78468A7}.Release|x86.Build.0 = Release|Any CPU
		{C8D6AE60-B442-40F9-89B8-95D489C4164C}.Debug|Any CPU.ActiveCfg = Debug|Any CPU
		{C8D6AE60-B442-40F9-89B8-95D489C4164C}.Debug|Any CPU.Build.0 = Debug|Any CPU
		{C8D6AE60-B442-40F9-89B8-95D489C4164C}.Debug|x64.ActiveCfg = Debug|Any CPU
		{C8D6AE60-B442-40F9-89B8-95D489C4164C}.Debug|x64.Build.0 = Debug|Any CPU
		{C8D6AE60-B442-40F9-89B8-95D489C4164C}.Debug|x86.ActiveCfg = Debug|Any CPU
		{C8D6AE60-B442-40F9-89B8-95D489C4164C}.Debug|x86.Build.0 = Debug|Any CPU
		{C8D6AE60-B442-40F9-89B8-95D489C4164C}.Release|Any CPU.ActiveCfg = Release|Any CPU
		{C8D6AE60-B442-40F9-89B8-95D489C4164C}.Release|Any CPU.Build.0 = Release|Any CPU
		{C8D6AE60-B442-40F9-89B8-95D489C4164C}.Release|x64.ActiveCfg = Release|Any CPU
		{C8D6AE60-B442-40F9-89B8-95D489C4164C}.Release|x64.Build.0 = Release|Any CPU
		{C8D6AE60-B442-40F9-89B8-95D489C4164C}.Release|x86.ActiveCfg = Release|Any CPU
		{C8D6AE60-B442-40F9-89B8-95D489C4164C}.Release|x86.Build.0 = Release|Any CPU
		{24A80B80-1FA2-4A0D-B3B6-C0DB18C04133}.Debug|Any CPU.ActiveCfg = Debug|Any CPU
		{24A80B80-1FA2-4A0D-B3B6-C0DB18C04133}.Debug|Any CPU.Build.0 = Debug|Any CPU
		{24A80B80-1FA2-4A0D-B3B6-C0DB18C04133}.Debug|x64.ActiveCfg = Debug|Any CPU
		{24A80B80-1FA2-4A0D-B3B6-C0DB18C04133}.Debug|x64.Build.0 = Debug|Any CPU
		{24A80B80-1FA2-4A0D-B3B6-C0DB18C04133}.Debug|x86.ActiveCfg = Debug|Any CPU
		{24A80B80-1FA2-4A0D-B3B6-C0DB18C04133}.Debug|x86.Build.0 = Debug|Any CPU
		{24A80B80-1FA2-4A0D-B3B6-C0DB18C04133}.Release|Any CPU.ActiveCfg = Release|Any CPU
		{24A80B80-1FA2-4A0D-B3B6-C0DB18C04133}.Release|Any CPU.Build.0 = Release|Any CPU
		{24A80B80-1FA2-4A0D-B3B6-C0DB18C04133}.Release|x64.ActiveCfg = Release|Any CPU
		{24A80B80-1FA2-4A0D-B3B6-C0DB18C04133}.Release|x64.Build.0 = Release|Any CPU
		{24A80B80-1FA2-4A0D-B3B6-C0DB18C04133}.Release|x86.ActiveCfg = Release|Any CPU
		{24A80B80-1FA2-4A0D-B3B6-C0DB18C04133}.Release|x86.Build.0 = Release|Any CPU
		{8958C58C-3407-4168-9D45-976EF124852C}.Debug|Any CPU.ActiveCfg = Debug|Any CPU
		{8958C58C-3407-4168-9D45-976EF124852C}.Debug|Any CPU.Build.0 = Debug|Any CPU
		{8958C58C-3407-4168-9D45-976EF124852C}.Debug|x64.ActiveCfg = Debug|Any CPU
		{8958C58C-3407-4168-9D45-976EF124852C}.Debug|x64.Build.0 = Debug|Any CPU
		{8958C58C-3407-4168-9D45-976EF124852C}.Debug|x86.ActiveCfg = Debug|Any CPU
		{8958C58C-3407-4168-9D45-976EF124852C}.Debug|x86.Build.0 = Debug|Any CPU
		{8958C58C-3407-4168-9D45-976EF124852C}.Release|Any CPU.ActiveCfg = Release|Any CPU
		{8958C58C-3407-4168-9D45-976EF124852C}.Release|Any CPU.Build.0 = Release|Any CPU
		{8958C58C-3407-4168-9D45-976EF124852C}.Release|x64.ActiveCfg = Release|Any CPU
		{8958C58C-3407-4168-9D45-976EF124852C}.Release|x64.Build.0 = Release|Any CPU
		{8958C58C-3407-4168-9D45-976EF124852C}.Release|x86.ActiveCfg = Release|Any CPU
		{8958C58C-3407-4168-9D45-976EF124852C}.Release|x86.Build.0 = Release|Any CPU
	EndGlobalSection
	GlobalSection(SolutionProperties) = preSolution
		HideSolutionNode = FALSE
	EndGlobalSection
	GlobalSection(ExtensibilityGlobals) = postSolution
		SolutionGuid = {10E6BD8A-AC3B-42CB-8D76-3890E770E063}
	EndGlobalSection
EndGlobal
