
Microsoft Visual Studio Solution File, Format Version 12.00
# Visual Studio 15
VisualStudioVersion = 15.0.27130.2036
MinimumVisualStudioVersion = 10.0.40219.1
Project("{2150E333-8FDC-42A3-9474-1A3956D46DE8}") = "Documents", "Documents", "{663DC05D-FDC6-4EAB-AC4B-983D486B92B9}"
	ProjectSection(SolutionItems) = preProject
		appveyor.yml = appveyor.yml
		LICENSE.txt = LICENSE.txt
		README.md = README.md
	EndProjectSection
EndProject
Project("{2150E333-8FDC-42A3-9474-1A3956D46DE8}") = "Files", "Files", "{D6456F11-40CB-4E55-8761-FF2199A7004C}"
	ProjectSection(SolutionItems) = preProject
		analysisRules.ruleset = analysisRules.ruleset
		xunit.runner.json = xunit.runner.json
	EndProjectSection
EndProject
Project("{D954291E-2A0B-460D-934E-DC6B0785DB48}") = "Cli-Shared.Standard", "Cli-Shared.Standard\Cli-Shared.Standard.shproj", "{19770407-94D5-49D3-8ED1-C72637BA7D90}"
EndProject
Project("{FAE04EC0-301F-11D3-BF4B-00C04F79EFBC}") = "Cli-CredentialHelper", "Cli-CredentialHelper\Cli-CredentialHelper.csproj", "{19770407-63D4-40A8-A9DF-F1C4B473308A}"
EndProject
Project("{FAE04EC0-301F-11D3-BF4B-00C04F79EFBC}") = "Cli-Askpass", "Cli-AskPass\Cli-Askpass.csproj", "{19770407-B33A-4EBE-92B8-04C93F43CAE0}"
EndProject
Project("{D954291E-2A0B-460D-934E-DC6B0785DB48}") = "Gui-Shared", "Gui-Shared\Gui-Shared.shproj", "{4A4F5ADA-7166-4799-BC7C-D5882637CF7A}"
EndProject
Project("{FAE04EC0-301F-11D3-BF4B-00C04F79EFBC}") = "Installer", "Installer\Installer.proj", "{19770407-3808-4B17-9EE0-21DD3468F875}"
EndProject
Project("{FAE04EC0-301F-11D3-BF4B-00C04F79EFBC}") = "Microsoft.Alm.Authentication.Standard", "Microsoft.Alm.Authentication.Standard\Microsoft.Alm.Authentication.Standard.csproj", "{F60E6F70-2271-483A-B408-4BD69D3E4C4F}"
EndProject
Project("{FAE04EC0-301F-11D3-BF4B-00C04F79EFBC}") = "Microsoft.Vsts.Authentication.Standard", "Microsoft.Vsts.Authentication.Standard\Microsoft.Vsts.Authentication.Standard.csproj", "{4FFDF2C4-1D0B-4F7F-84A7-112CB3C9D294}"
EndProject
Project("{FAE04EC0-301F-11D3-BF4B-00C04F79EFBC}") = "Bitbucket.Authentication.Standard", "Bitbucket.Authentication.Standard\Bitbucket.Authentication.Standard.csproj", "{4BFD8D81-DD72-48C4-82AE-F95754ACE80C}"
EndProject
Project("{FAE04EC0-301F-11D3-BF4B-00C04F79EFBC}") = "Bitbucket.Authentication.Win32", "Bitbucket.Authentication.Win32\Bitbucket.Authentication.Win32.csproj", "{333A7DBC-6E13-4D42-865C-B974E78468A7}"
EndProject
Project("{FAE04EC0-301F-11D3-BF4B-00C04F79EFBC}") = "GitHub.Authentication.Standard", "GitHub.Authentication.Standard\GitHub.Authentication.Standard.csproj", "{C8D6AE60-B442-40F9-89B8-95D489C4164C}"
EndProject
Project("{FAE04EC0-301F-11D3-BF4B-00C04F79EFBC}") = "GitHub.Authentication.Win32", "GitHub.Authentication.Win32\GitHub.Authentication.Win32.csproj", "{24A80B80-1FA2-4A0D-B3B6-C0DB18C04133}"
EndProject
Project("{FAE04EC0-301F-11D3-BF4B-00C04F79EFBC}") = "GitHub.Authentication.Tester.Win32", "GitHub.Authentication.Tester.Win32\GitHub.Authentication.Tester.Win32.csproj", "{8958C58C-3407-4168-9D45-976EF124852C}"
EndProject
Project("{2150E333-8FDC-42A3-9474-1A3956D46DE8}") = "Solution Items", "Solution Items", "{94663694-CF4F-4D16-BE61-65513239D899}"
EndProject
Project("{FAE04EC0-301F-11D3-BF4B-00C04F79EFBC}") = "Bitbucket.Authentication.Test.Framework", "Bitbucket.Authentication.Test.Framework\Bitbucket.Authentication.Test.Framework.csproj", "{1A8EE5AF-7DED-4FEE-862B-905F43EF98EE}"
EndProject
Project("{FAE04EC0-301F-11D3-BF4B-00C04F79EFBC}") = "GitHub.Authentication.Test.Framework", "GitHub.Authentication.Test.Framework\GitHub.Authentication.Test.Framework.csproj", "{B9E39DB2-5F23-4CB9-81F1-09A3B10BAC0E}"
EndProject
Project("{FAE04EC0-301F-11D3-BF4B-00C04F79EFBC}") = "Microsoft.Alm.Authentication.Test.Core", "Microsoft.Alm.Authentication.Test.Core\Microsoft.Alm.Authentication.Test.Core.csproj", "{87E3CB59-EFE8-4AAB-92DA-FBA52CE6D98E}"
EndProject
Project("{FAE04EC0-301F-11D3-BF4B-00C04F79EFBC}") = "Microsoft.Vsts.Authentication.Test.Core", "Microsoft.Vsts.Authentication.Test.Core\Microsoft.Vsts.Authentication.Test.Core.csproj", "{04DCFC2F-6E93-4CCA-AD5E-4BEE94D7B7B7}"
EndProject
Project("{FAE04EC0-301F-11D3-BF4B-00C04F79EFBC}") = "Cli-CredentialHelper.Test.Framework", "Cli-CredentialHelper.Test.Framework\Cli-CredentialHelper.Test.Framework.csproj", "{A54A062A-941A-41D2-8DAB-C865BBBB9655}"
EndProject
Project("{FAE04EC0-301F-11D3-BF4B-00C04F79EFBC}") = "Bitbucket.Authentication.Test.Core", "Bitbucket.Authentication.Test.Core\Bitbucket.Authentication.Test.Core.csproj", "{2A507123-9DAF-4381-B5F3-7E137944D651}"
EndProject
Project("{FAE04EC0-301F-11D3-BF4B-00C04F79EFBC}") = "GitHub.Authentication.Test.Core", "GitHub.Authentication.Test.Core\GitHub.Authentication.Test.Core.csproj", "{F2FD787B-8950-4D48-A067-CF8BB47E6BB1}"
EndProject
Project("{FAE04EC0-301F-11D3-BF4B-00C04F79EFBC}") = "Cli-CredentialHelper.Core", "Cli-CredentialHelper.Core\Cli-CredentialHelper.Core.csproj", "{8560F003-CADC-4A55-8249-11E4495E8126}"
EndProject
Project("{FAE04EC0-301F-11D3-BF4B-00C04F79EFBC}") = "Cli-CredentialHelper.Test.Core", "Cli-CredentialHelper.Test.Core\Cli-CredentialHelper.Test.Core.csproj", "{4D50C198-7529-47FC-A315-34922CEAF1A3}"
EndProject
Project("{FAE04EC0-301F-11D3-BF4B-00C04F79EFBC}") = "Cli-Askpass.Core", "Cli-Askpass.Core\Cli-Askpass.Core.csproj", "{5EE6046B-54B7-4F7F-B8DE-870BE394497F}"
EndProject
Global
	GlobalSection(SharedMSBuildProjectFiles) = preSolution
		Cli-Shared\Cli-Shared.projitems*{19770407-63d4-40a8-a9df-f1c4b473308a}*SharedItemsImports = 4
		Cli-Shared\Cli-Shared.projitems*{19770407-94d5-49d3-8ed1-c72637ba7d90}*SharedItemsImports = 13
		Cli-Shared\Cli-Shared.projitems*{19770407-b33a-4ebe-92b8-04c93f43cae0}*SharedItemsImports = 4
		Gui-Shared\Gui-Shared.projitems*{24a80b80-1fa2-4a0d-b3b6-c0db18c04133}*SharedItemsImports = 4
		Gui-Shared\Gui-Shared.projitems*{333a7dbc-6e13-4d42-865c-b974e78468a7}*SharedItemsImports = 4
		Gui-Shared\Gui-Shared.projitems*{4a4f5ada-7166-4799-bc7c-d5882637cf7a}*SharedItemsImports = 13
	EndGlobalSection
	GlobalSection(SolutionConfigurationPlatforms) = preSolution
		Debug|Any CPU = Debug|Any CPU
		Debug|x64 = Debug|x64
		Debug|x86 = Debug|x86
		Release|Any CPU = Release|Any CPU
		Release|x64 = Release|x64
		Release|x86 = Release|x86
	EndGlobalSection
	GlobalSection(ProjectConfigurationPlatforms) = postSolution
		{19770407-63D4-40A8-A9DF-F1C4B473308A}.Debug|Any CPU.ActiveCfg = Debug|Any CPU
		{19770407-63D4-40A8-A9DF-F1C4B473308A}.Debug|Any CPU.Build.0 = Debug|Any CPU
		{19770407-63D4-40A8-A9DF-F1C4B473308A}.Debug|x64.ActiveCfg = Debug|Any CPU
		{19770407-63D4-40A8-A9DF-F1C4B473308A}.Debug|x64.Build.0 = Debug|Any CPU
		{19770407-63D4-40A8-A9DF-F1C4B473308A}.Debug|x86.ActiveCfg = Debug|Any CPU
		{19770407-63D4-40A8-A9DF-F1C4B473308A}.Debug|x86.Build.0 = Debug|Any CPU
		{19770407-63D4-40A8-A9DF-F1C4B473308A}.Release|Any CPU.ActiveCfg = Release|Any CPU
		{19770407-63D4-40A8-A9DF-F1C4B473308A}.Release|Any CPU.Build.0 = Release|Any CPU
		{19770407-63D4-40A8-A9DF-F1C4B473308A}.Release|x64.ActiveCfg = Release|Any CPU
		{19770407-63D4-40A8-A9DF-F1C4B473308A}.Release|x64.Build.0 = Release|Any CPU
		{19770407-63D4-40A8-A9DF-F1C4B473308A}.Release|x86.ActiveCfg = Release|Any CPU
		{19770407-63D4-40A8-A9DF-F1C4B473308A}.Release|x86.Build.0 = Release|Any CPU
		{19770407-B33A-4EBE-92B8-04C93F43CAE0}.Debug|Any CPU.ActiveCfg = Debug|Any CPU
		{19770407-B33A-4EBE-92B8-04C93F43CAE0}.Debug|Any CPU.Build.0 = Debug|Any CPU
		{19770407-B33A-4EBE-92B8-04C93F43CAE0}.Debug|x64.ActiveCfg = Debug|Any CPU
		{19770407-B33A-4EBE-92B8-04C93F43CAE0}.Debug|x64.Build.0 = Debug|Any CPU
		{19770407-B33A-4EBE-92B8-04C93F43CAE0}.Debug|x86.ActiveCfg = Debug|Any CPU
		{19770407-B33A-4EBE-92B8-04C93F43CAE0}.Debug|x86.Build.0 = Debug|Any CPU
		{19770407-B33A-4EBE-92B8-04C93F43CAE0}.Release|Any CPU.ActiveCfg = Release|Any CPU
		{19770407-B33A-4EBE-92B8-04C93F43CAE0}.Release|Any CPU.Build.0 = Release|Any CPU
		{19770407-B33A-4EBE-92B8-04C93F43CAE0}.Release|x64.ActiveCfg = Release|Any CPU
		{19770407-B33A-4EBE-92B8-04C93F43CAE0}.Release|x64.Build.0 = Release|Any CPU
		{19770407-B33A-4EBE-92B8-04C93F43CAE0}.Release|x86.ActiveCfg = Release|Any CPU
		{19770407-B33A-4EBE-92B8-04C93F43CAE0}.Release|x86.Build.0 = Release|Any CPU
		{19770407-3808-4B17-9EE0-21DD3468F875}.Debug|Any CPU.ActiveCfg = Debug|Any CPU
		{19770407-3808-4B17-9EE0-21DD3468F875}.Debug|Any CPU.Build.0 = Debug|Any CPU
		{19770407-3808-4B17-9EE0-21DD3468F875}.Debug|x64.ActiveCfg = Debug|Any CPU
		{19770407-3808-4B17-9EE0-21DD3468F875}.Debug|x64.Build.0 = Debug|Any CPU
		{19770407-3808-4B17-9EE0-21DD3468F875}.Debug|x86.ActiveCfg = Debug|Any CPU
		{19770407-3808-4B17-9EE0-21DD3468F875}.Debug|x86.Build.0 = Debug|Any CPU
		{19770407-3808-4B17-9EE0-21DD3468F875}.Release|Any CPU.ActiveCfg = Release|Any CPU
		{19770407-3808-4B17-9EE0-21DD3468F875}.Release|Any CPU.Build.0 = Release|Any CPU
		{19770407-3808-4B17-9EE0-21DD3468F875}.Release|x64.ActiveCfg = Release|Any CPU
		{19770407-3808-4B17-9EE0-21DD3468F875}.Release|x64.Build.0 = Release|Any CPU
		{19770407-3808-4B17-9EE0-21DD3468F875}.Release|x86.ActiveCfg = Release|Any CPU
		{19770407-3808-4B17-9EE0-21DD3468F875}.Release|x86.Build.0 = Release|Any CPU
		{F60E6F70-2271-483A-B408-4BD69D3E4C4F}.Debug|Any CPU.ActiveCfg = Debug|Any CPU
		{F60E6F70-2271-483A-B408-4BD69D3E4C4F}.Debug|Any CPU.Build.0 = Debug|Any CPU
		{F60E6F70-2271-483A-B408-4BD69D3E4C4F}.Debug|x64.ActiveCfg = Debug|Any CPU
		{F60E6F70-2271-483A-B408-4BD69D3E4C4F}.Debug|x64.Build.0 = Debug|Any CPU
		{F60E6F70-2271-483A-B408-4BD69D3E4C4F}.Debug|x86.ActiveCfg = Debug|Any CPU
		{F60E6F70-2271-483A-B408-4BD69D3E4C4F}.Debug|x86.Build.0 = Debug|Any CPU
		{F60E6F70-2271-483A-B408-4BD69D3E4C4F}.Release|Any CPU.ActiveCfg = Release|Any CPU
		{F60E6F70-2271-483A-B408-4BD69D3E4C4F}.Release|Any CPU.Build.0 = Release|Any CPU
		{F60E6F70-2271-483A-B408-4BD69D3E4C4F}.Release|x64.ActiveCfg = Release|Any CPU
		{F60E6F70-2271-483A-B408-4BD69D3E4C4F}.Release|x64.Build.0 = Release|Any CPU
		{F60E6F70-2271-483A-B408-4BD69D3E4C4F}.Release|x86.ActiveCfg = Release|Any CPU
		{F60E6F70-2271-483A-B408-4BD69D3E4C4F}.Release|x86.Build.0 = Release|Any CPU
		{4FFDF2C4-1D0B-4F7F-84A7-112CB3C9D294}.Debug|Any CPU.ActiveCfg = Debug|Any CPU
		{4FFDF2C4-1D0B-4F7F-84A7-112CB3C9D294}.Debug|Any CPU.Build.0 = Debug|Any CPU
		{4FFDF2C4-1D0B-4F7F-84A7-112CB3C9D294}.Debug|x64.ActiveCfg = Debug|Any CPU
		{4FFDF2C4-1D0B-4F7F-84A7-112CB3C9D294}.Debug|x64.Build.0 = Debug|Any CPU
		{4FFDF2C4-1D0B-4F7F-84A7-112CB3C9D294}.Debug|x86.ActiveCfg = Debug|Any CPU
		{4FFDF2C4-1D0B-4F7F-84A7-112CB3C9D294}.Debug|x86.Build.0 = Debug|Any CPU
		{4FFDF2C4-1D0B-4F7F-84A7-112CB3C9D294}.Release|Any CPU.ActiveCfg = Release|Any CPU
		{4FFDF2C4-1D0B-4F7F-84A7-112CB3C9D294}.Release|Any CPU.Build.0 = Release|Any CPU
		{4FFDF2C4-1D0B-4F7F-84A7-112CB3C9D294}.Release|x64.ActiveCfg = Release|Any CPU
		{4FFDF2C4-1D0B-4F7F-84A7-112CB3C9D294}.Release|x64.Build.0 = Release|Any CPU
		{4FFDF2C4-1D0B-4F7F-84A7-112CB3C9D294}.Release|x86.ActiveCfg = Release|Any CPU
		{4FFDF2C4-1D0B-4F7F-84A7-112CB3C9D294}.Release|x86.Build.0 = Release|Any CPU
		{4BFD8D81-DD72-48C4-82AE-F95754ACE80C}.Debug|Any CPU.ActiveCfg = Debug|Any CPU
		{4BFD8D81-DD72-48C4-82AE-F95754ACE80C}.Debug|Any CPU.Build.0 = Debug|Any CPU
		{4BFD8D81-DD72-48C4-82AE-F95754ACE80C}.Debug|x64.ActiveCfg = Debug|Any CPU
		{4BFD8D81-DD72-48C4-82AE-F95754ACE80C}.Debug|x64.Build.0 = Debug|Any CPU
		{4BFD8D81-DD72-48C4-82AE-F95754ACE80C}.Debug|x86.ActiveCfg = Debug|Any CPU
		{4BFD8D81-DD72-48C4-82AE-F95754ACE80C}.Debug|x86.Build.0 = Debug|Any CPU
		{4BFD8D81-DD72-48C4-82AE-F95754ACE80C}.Release|Any CPU.ActiveCfg = Release|Any CPU
		{4BFD8D81-DD72-48C4-82AE-F95754ACE80C}.Release|Any CPU.Build.0 = Release|Any CPU
		{4BFD8D81-DD72-48C4-82AE-F95754ACE80C}.Release|x64.ActiveCfg = Release|Any CPU
		{4BFD8D81-DD72-48C4-82AE-F95754ACE80C}.Release|x64.Build.0 = Release|Any CPU
		{4BFD8D81-DD72-48C4-82AE-F95754ACE80C}.Release|x86.ActiveCfg = Release|Any CPU
		{4BFD8D81-DD72-48C4-82AE-F95754ACE80C}.Release|x86.Build.0 = Release|Any CPU
		{333A7DBC-6E13-4D42-865C-B974E78468A7}.Debug|Any CPU.ActiveCfg = Debug|Any CPU
		{333A7DBC-6E13-4D42-865C-B974E78468A7}.Debug|Any CPU.Build.0 = Debug|Any CPU
		{333A7DBC-6E13-4D42-865C-B974E78468A7}.Debug|x64.ActiveCfg = Debug|Any CPU
		{333A7DBC-6E13-4D42-865C-B974E78468A7}.Debug|x64.Build.0 = Debug|Any CPU
		{333A7DBC-6E13-4D42-865C-B974E78468A7}.Debug|x86.ActiveCfg = Debug|Any CPU
		{333A7DBC-6E13-4D42-865C-B974E78468A7}.Debug|x86.Build.0 = Debug|Any CPU
		{333A7DBC-6E13-4D42-865C-B974E78468A7}.Release|Any CPU.ActiveCfg = Release|Any CPU
		{333A7DBC-6E13-4D42-865C-B974E78468A7}.Release|Any CPU.Build.0 = Release|Any CPU
		{333A7DBC-6E13-4D42-865C-B974E78468A7}.Release|x64.ActiveCfg = Release|Any CPU
		{333A7DBC-6E13-4D42-865C-B974E78468A7}.Release|x64.Build.0 = Release|Any CPU
		{333A7DBC-6E13-4D42-865C-B974E78468A7}.Release|x86.ActiveCfg = Release|Any CPU
		{333A7DBC-6E13-4D42-865C-B974E78468A7}.Release|x86.Build.0 = Release|Any CPU
		{C8D6AE60-B442-40F9-89B8-95D489C4164C}.Debug|Any CPU.ActiveCfg = Debug|Any CPU
		{C8D6AE60-B442-40F9-89B8-95D489C4164C}.Debug|Any CPU.Build.0 = Debug|Any CPU
		{C8D6AE60-B442-40F9-89B8-95D489C4164C}.Debug|x64.ActiveCfg = Debug|Any CPU
		{C8D6AE60-B442-40F9-89B8-95D489C4164C}.Debug|x64.Build.0 = Debug|Any CPU
		{C8D6AE60-B442-40F9-89B8-95D489C4164C}.Debug|x86.ActiveCfg = Debug|Any CPU
		{C8D6AE60-B442-40F9-89B8-95D489C4164C}.Debug|x86.Build.0 = Debug|Any CPU
		{C8D6AE60-B442-40F9-89B8-95D489C4164C}.Release|Any CPU.ActiveCfg = Release|Any CPU
		{C8D6AE60-B442-40F9-89B8-95D489C4164C}.Release|Any CPU.Build.0 = Release|Any CPU
		{C8D6AE60-B442-40F9-89B8-95D489C4164C}.Release|x64.ActiveCfg = Release|Any CPU
		{C8D6AE60-B442-40F9-89B8-95D489C4164C}.Release|x64.Build.0 = Release|Any CPU
		{C8D6AE60-B442-40F9-89B8-95D489C4164C}.Release|x86.ActiveCfg = Release|Any CPU
		{C8D6AE60-B442-40F9-89B8-95D489C4164C}.Release|x86.Build.0 = Release|Any CPU
		{24A80B80-1FA2-4A0D-B3B6-C0DB18C04133}.Debug|Any CPU.ActiveCfg = Debug|Any CPU
		{24A80B80-1FA2-4A0D-B3B6-C0DB18C04133}.Debug|Any CPU.Build.0 = Debug|Any CPU
		{24A80B80-1FA2-4A0D-B3B6-C0DB18C04133}.Debug|x64.ActiveCfg = Debug|Any CPU
		{24A80B80-1FA2-4A0D-B3B6-C0DB18C04133}.Debug|x64.Build.0 = Debug|Any CPU
		{24A80B80-1FA2-4A0D-B3B6-C0DB18C04133}.Debug|x86.ActiveCfg = Debug|Any CPU
		{24A80B80-1FA2-4A0D-B3B6-C0DB18C04133}.Debug|x86.Build.0 = Debug|Any CPU
		{24A80B80-1FA2-4A0D-B3B6-C0DB18C04133}.Release|Any CPU.ActiveCfg = Release|Any CPU
		{24A80B80-1FA2-4A0D-B3B6-C0DB18C04133}.Release|Any CPU.Build.0 = Release|Any CPU
		{24A80B80-1FA2-4A0D-B3B6-C0DB18C04133}.Release|x64.ActiveCfg = Release|Any CPU
		{24A80B80-1FA2-4A0D-B3B6-C0DB18C04133}.Release|x64.Build.0 = Release|Any CPU
		{24A80B80-1FA2-4A0D-B3B6-C0DB18C04133}.Release|x86.ActiveCfg = Release|Any CPU
		{24A80B80-1FA2-4A0D-B3B6-C0DB18C04133}.Release|x86.Build.0 = Release|Any CPU
		{8958C58C-3407-4168-9D45-976EF124852C}.Debug|Any CPU.ActiveCfg = Debug|Any CPU
		{8958C58C-3407-4168-9D45-976EF124852C}.Debug|Any CPU.Build.0 = Debug|Any CPU
		{8958C58C-3407-4168-9D45-976EF124852C}.Debug|x64.ActiveCfg = Debug|Any CPU
		{8958C58C-3407-4168-9D45-976EF124852C}.Debug|x64.Build.0 = Debug|Any CPU
		{8958C58C-3407-4168-9D45-976EF124852C}.Debug|x86.ActiveCfg = Debug|Any CPU
		{8958C58C-3407-4168-9D45-976EF124852C}.Debug|x86.Build.0 = Debug|Any CPU
		{8958C58C-3407-4168-9D45-976EF124852C}.Release|Any CPU.ActiveCfg = Release|Any CPU
		{8958C58C-3407-4168-9D45-976EF124852C}.Release|Any CPU.Build.0 = Release|Any CPU
		{8958C58C-3407-4168-9D45-976EF124852C}.Release|x64.ActiveCfg = Release|Any CPU
		{8958C58C-3407-4168-9D45-976EF124852C}.Release|x64.Build.0 = Release|Any CPU
		{8958C58C-3407-4168-9D45-976EF124852C}.Release|x86.ActiveCfg = Release|Any CPU
		{8958C58C-3407-4168-9D45-976EF124852C}.Release|x86.Build.0 = Release|Any CPU
		{1A8EE5AF-7DED-4FEE-862B-905F43EF98EE}.Debug|Any CPU.ActiveCfg = Debug|Any CPU
		{1A8EE5AF-7DED-4FEE-862B-905F43EF98EE}.Debug|Any CPU.Build.0 = Debug|Any CPU
		{1A8EE5AF-7DED-4FEE-862B-905F43EF98EE}.Debug|x64.ActiveCfg = Debug|Any CPU
		{1A8EE5AF-7DED-4FEE-862B-905F43EF98EE}.Debug|x64.Build.0 = Debug|Any CPU
		{1A8EE5AF-7DED-4FEE-862B-905F43EF98EE}.Debug|x86.ActiveCfg = Debug|Any CPU
		{1A8EE5AF-7DED-4FEE-862B-905F43EF98EE}.Debug|x86.Build.0 = Debug|Any CPU
		{1A8EE5AF-7DED-4FEE-862B-905F43EF98EE}.Release|Any CPU.ActiveCfg = Release|Any CPU
		{1A8EE5AF-7DED-4FEE-862B-905F43EF98EE}.Release|Any CPU.Build.0 = Release|Any CPU
		{1A8EE5AF-7DED-4FEE-862B-905F43EF98EE}.Release|x64.ActiveCfg = Release|Any CPU
		{1A8EE5AF-7DED-4FEE-862B-905F43EF98EE}.Release|x64.Build.0 = Release|Any CPU
		{1A8EE5AF-7DED-4FEE-862B-905F43EF98EE}.Release|x86.ActiveCfg = Release|Any CPU
		{1A8EE5AF-7DED-4FEE-862B-905F43EF98EE}.Release|x86.Build.0 = Release|Any CPU
		{B9E39DB2-5F23-4CB9-81F1-09A3B10BAC0E}.Debug|Any CPU.ActiveCfg = Debug|Any CPU
		{B9E39DB2-5F23-4CB9-81F1-09A3B10BAC0E}.Debug|Any CPU.Build.0 = Debug|Any CPU
		{B9E39DB2-5F23-4CB9-81F1-09A3B10BAC0E}.Debug|x64.ActiveCfg = Debug|Any CPU
		{B9E39DB2-5F23-4CB9-81F1-09A3B10BAC0E}.Debug|x64.Build.0 = Debug|Any CPU
		{B9E39DB2-5F23-4CB9-81F1-09A3B10BAC0E}.Debug|x86.ActiveCfg = Debug|Any CPU
		{B9E39DB2-5F23-4CB9-81F1-09A3B10BAC0E}.Debug|x86.Build.0 = Debug|Any CPU
		{B9E39DB2-5F23-4CB9-81F1-09A3B10BAC0E}.Release|Any CPU.ActiveCfg = Release|Any CPU
		{B9E39DB2-5F23-4CB9-81F1-09A3B10BAC0E}.Release|Any CPU.Build.0 = Release|Any CPU
		{B9E39DB2-5F23-4CB9-81F1-09A3B10BAC0E}.Release|x64.ActiveCfg = Release|Any CPU
		{B9E39DB2-5F23-4CB9-81F1-09A3B10BAC0E}.Release|x64.Build.0 = Release|Any CPU
		{B9E39DB2-5F23-4CB9-81F1-09A3B10BAC0E}.Release|x86.ActiveCfg = Release|Any CPU
		{B9E39DB2-5F23-4CB9-81F1-09A3B10BAC0E}.Release|x86.Build.0 = Release|Any CPU
		{87E3CB59-EFE8-4AAB-92DA-FBA52CE6D98E}.Debug|Any CPU.ActiveCfg = Debug|Any CPU
		{87E3CB59-EFE8-4AAB-92DA-FBA52CE6D98E}.Debug|Any CPU.Build.0 = Debug|Any CPU
		{87E3CB59-EFE8-4AAB-92DA-FBA52CE6D98E}.Debug|x64.ActiveCfg = Debug|Any CPU
		{87E3CB59-EFE8-4AAB-92DA-FBA52CE6D98E}.Debug|x64.Build.0 = Debug|Any CPU
		{87E3CB59-EFE8-4AAB-92DA-FBA52CE6D98E}.Debug|x86.ActiveCfg = Debug|Any CPU
		{87E3CB59-EFE8-4AAB-92DA-FBA52CE6D98E}.Debug|x86.Build.0 = Debug|Any CPU
		{87E3CB59-EFE8-4AAB-92DA-FBA52CE6D98E}.Release|Any CPU.ActiveCfg = Release|Any CPU
		{87E3CB59-EFE8-4AAB-92DA-FBA52CE6D98E}.Release|Any CPU.Build.0 = Release|Any CPU
		{87E3CB59-EFE8-4AAB-92DA-FBA52CE6D98E}.Release|x64.ActiveCfg = Release|Any CPU
		{87E3CB59-EFE8-4AAB-92DA-FBA52CE6D98E}.Release|x64.Build.0 = Release|Any CPU
		{87E3CB59-EFE8-4AAB-92DA-FBA52CE6D98E}.Release|x86.ActiveCfg = Release|Any CPU
		{87E3CB59-EFE8-4AAB-92DA-FBA52CE6D98E}.Release|x86.Build.0 = Release|Any CPU
		{04DCFC2F-6E93-4CCA-AD5E-4BEE94D7B7B7}.Debug|Any CPU.ActiveCfg = Debug|Any CPU
		{04DCFC2F-6E93-4CCA-AD5E-4BEE94D7B7B7}.Debug|Any CPU.Build.0 = Debug|Any CPU
		{04DCFC2F-6E93-4CCA-AD5E-4BEE94D7B7B7}.Debug|x64.ActiveCfg = Debug|Any CPU
		{04DCFC2F-6E93-4CCA-AD5E-4BEE94D7B7B7}.Debug|x64.Build.0 = Debug|Any CPU
		{04DCFC2F-6E93-4CCA-AD5E-4BEE94D7B7B7}.Debug|x86.ActiveCfg = Debug|Any CPU
		{04DCFC2F-6E93-4CCA-AD5E-4BEE94D7B7B7}.Debug|x86.Build.0 = Debug|Any CPU
		{04DCFC2F-6E93-4CCA-AD5E-4BEE94D7B7B7}.Release|Any CPU.ActiveCfg = Release|Any CPU
		{04DCFC2F-6E93-4CCA-AD5E-4BEE94D7B7B7}.Release|Any CPU.Build.0 = Release|Any CPU
		{04DCFC2F-6E93-4CCA-AD5E-4BEE94D7B7B7}.Release|x64.ActiveCfg = Release|Any CPU
		{04DCFC2F-6E93-4CCA-AD5E-4BEE94D7B7B7}.Release|x64.Build.0 = Release|Any CPU
		{04DCFC2F-6E93-4CCA-AD5E-4BEE94D7B7B7}.Release|x86.ActiveCfg = Release|Any CPU
		{04DCFC2F-6E93-4CCA-AD5E-4BEE94D7B7B7}.Release|x86.Build.0 = Release|Any CPU
		{A54A062A-941A-41D2-8DAB-C865BBBB9655}.Debug|Any CPU.ActiveCfg = Debug|Any CPU
		{A54A062A-941A-41D2-8DAB-C865BBBB9655}.Debug|Any CPU.Build.0 = Debug|Any CPU
		{A54A062A-941A-41D2-8DAB-C865BBBB9655}.Debug|x64.ActiveCfg = Debug|Any CPU
		{A54A062A-941A-41D2-8DAB-C865BBBB9655}.Debug|x64.Build.0 = Debug|Any CPU
		{A54A062A-941A-41D2-8DAB-C865BBBB9655}.Debug|x86.ActiveCfg = Debug|Any CPU
		{A54A062A-941A-41D2-8DAB-C865BBBB9655}.Debug|x86.Build.0 = Debug|Any CPU
		{A54A062A-941A-41D2-8DAB-C865BBBB9655}.Release|Any CPU.ActiveCfg = Release|Any CPU
		{A54A062A-941A-41D2-8DAB-C865BBBB9655}.Release|Any CPU.Build.0 = Release|Any CPU
		{A54A062A-941A-41D2-8DAB-C865BBBB9655}.Release|x64.ActiveCfg = Release|Any CPU
		{A54A062A-941A-41D2-8DAB-C865BBBB9655}.Release|x64.Build.0 = Release|Any CPU
		{A54A062A-941A-41D2-8DAB-C865BBBB9655}.Release|x86.ActiveCfg = Release|Any CPU
		{A54A062A-941A-41D2-8DAB-C865BBBB9655}.Release|x86.Build.0 = Release|Any CPU
		{2A507123-9DAF-4381-B5F3-7E137944D651}.Debug|Any CPU.ActiveCfg = Debug|Any CPU
		{2A507123-9DAF-4381-B5F3-7E137944D651}.Debug|Any CPU.Build.0 = Debug|Any CPU
		{2A507123-9DAF-4381-B5F3-7E137944D651}.Debug|x64.ActiveCfg = Debug|Any CPU
		{2A507123-9DAF-4381-B5F3-7E137944D651}.Debug|x64.Build.0 = Debug|Any CPU
		{2A507123-9DAF-4381-B5F3-7E137944D651}.Debug|x86.ActiveCfg = Debug|Any CPU
		{2A507123-9DAF-4381-B5F3-7E137944D651}.Debug|x86.Build.0 = Debug|Any CPU
		{2A507123-9DAF-4381-B5F3-7E137944D651}.Release|Any CPU.ActiveCfg = Release|Any CPU
		{2A507123-9DAF-4381-B5F3-7E137944D651}.Release|Any CPU.Build.0 = Release|Any CPU
		{2A507123-9DAF-4381-B5F3-7E137944D651}.Release|x64.ActiveCfg = Release|Any CPU
		{2A507123-9DAF-4381-B5F3-7E137944D651}.Release|x64.Build.0 = Release|Any CPU
		{2A507123-9DAF-4381-B5F3-7E137944D651}.Release|x86.ActiveCfg = Release|Any CPU
		{2A507123-9DAF-4381-B5F3-7E137944D651}.Release|x86.Build.0 = Release|Any CPU
		{F2FD787B-8950-4D48-A067-CF8BB47E6BB1}.Debug|Any CPU.ActiveCfg = Debug|Any CPU
		{F2FD787B-8950-4D48-A067-CF8BB47E6BB1}.Debug|Any CPU.Build.0 = Debug|Any CPU
		{F2FD787B-8950-4D48-A067-CF8BB47E6BB1}.Debug|x64.ActiveCfg = Debug|Any CPU
		{F2FD787B-8950-4D48-A067-CF8BB47E6BB1}.Debug|x64.Build.0 = Debug|Any CPU
		{F2FD787B-8950-4D48-A067-CF8BB47E6BB1}.Debug|x86.ActiveCfg = Debug|Any CPU
		{F2FD787B-8950-4D48-A067-CF8BB47E6BB1}.Debug|x86.Build.0 = Debug|Any CPU
		{F2FD787B-8950-4D48-A067-CF8BB47E6BB1}.Release|Any CPU.ActiveCfg = Release|Any CPU
		{F2FD787B-8950-4D48-A067-CF8BB47E6BB1}.Release|Any CPU.Build.0 = Release|Any CPU
		{F2FD787B-8950-4D48-A067-CF8BB47E6BB1}.Release|x64.ActiveCfg = Release|Any CPU
		{F2FD787B-8950-4D48-A067-CF8BB47E6BB1}.Release|x64.Build.0 = Release|Any CPU
		{F2FD787B-8950-4D48-A067-CF8BB47E6BB1}.Release|x86.ActiveCfg = Release|Any CPU
		{F2FD787B-8950-4D48-A067-CF8BB47E6BB1}.Release|x86.Build.0 = Release|Any CPU
		{8560F003-CADC-4A55-8249-11E4495E8126}.Debug|Any CPU.ActiveCfg = Debug|Any CPU
		{8560F003-CADC-4A55-8249-11E4495E8126}.Debug|Any CPU.Build.0 = Debug|Any CPU
		{8560F003-CADC-4A55-8249-11E4495E8126}.Debug|x64.ActiveCfg = Debug|Any CPU
		{8560F003-CADC-4A55-8249-11E4495E8126}.Debug|x64.Build.0 = Debug|Any CPU
		{8560F003-CADC-4A55-8249-11E4495E8126}.Debug|x86.ActiveCfg = Debug|Any CPU
		{8560F003-CADC-4A55-8249-11E4495E8126}.Debug|x86.Build.0 = Debug|Any CPU
		{8560F003-CADC-4A55-8249-11E4495E8126}.Release|Any CPU.ActiveCfg = Release|Any CPU
		{8560F003-CADC-4A55-8249-11E4495E8126}.Release|Any CPU.Build.0 = Release|Any CPU
		{8560F003-CADC-4A55-8249-11E4495E8126}.Release|x64.ActiveCfg = Release|Any CPU
		{8560F003-CADC-4A55-8249-11E4495E8126}.Release|x64.Build.0 = Release|Any CPU
		{8560F003-CADC-4A55-8249-11E4495E8126}.Release|x86.ActiveCfg = Release|Any CPU
		{8560F003-CADC-4A55-8249-11E4495E8126}.Release|x86.Build.0 = Release|Any CPU
		{4D50C198-7529-47FC-A315-34922CEAF1A3}.Debug|Any CPU.ActiveCfg = Debug|Any CPU
		{4D50C198-7529-47FC-A315-34922CEAF1A3}.Debug|Any CPU.Build.0 = Debug|Any CPU
		{4D50C198-7529-47FC-A315-34922CEAF1A3}.Debug|x64.ActiveCfg = Debug|Any CPU
		{4D50C198-7529-47FC-A315-34922CEAF1A3}.Debug|x64.Build.0 = Debug|Any CPU
		{4D50C198-7529-47FC-A315-34922CEAF1A3}.Debug|x86.ActiveCfg = Debug|Any CPU
		{4D50C198-7529-47FC-A315-34922CEAF1A3}.Debug|x86.Build.0 = Debug|Any CPU
		{4D50C198-7529-47FC-A315-34922CEAF1A3}.Release|Any CPU.ActiveCfg = Release|Any CPU
		{4D50C198-7529-47FC-A315-34922CEAF1A3}.Release|Any CPU.Build.0 = Release|Any CPU
		{4D50C198-7529-47FC-A315-34922CEAF1A3}.Release|x64.ActiveCfg = Release|Any CPU
		{4D50C198-7529-47FC-A315-34922CEAF1A3}.Release|x64.Build.0 = Release|Any CPU
		{4D50C198-7529-47FC-A315-34922CEAF1A3}.Release|x86.ActiveCfg = Release|Any CPU
		{4D50C198-7529-47FC-A315-34922CEAF1A3}.Release|x86.Build.0 = Release|Any CPU
		{5EE6046B-54B7-4F7F-B8DE-870BE394497F}.Debug|Any CPU.ActiveCfg = Debug|Any CPU
		{5EE6046B-54B7-4F7F-B8DE-870BE394497F}.Debug|Any CPU.Build.0 = Debug|Any CPU
		{5EE6046B-54B7-4F7F-B8DE-870BE394497F}.Debug|x64.ActiveCfg = Debug|Any CPU
		{5EE6046B-54B7-4F7F-B8DE-870BE394497F}.Debug|x64.Build.0 = Debug|Any CPU
		{5EE6046B-54B7-4F7F-B8DE-870BE394497F}.Debug|x86.ActiveCfg = Debug|Any CPU
		{5EE6046B-54B7-4F7F-B8DE-870BE394497F}.Debug|x86.Build.0 = Debug|Any CPU
		{5EE6046B-54B7-4F7F-B8DE-870BE394497F}.Release|Any CPU.ActiveCfg = Release|Any CPU
		{5EE6046B-54B7-4F7F-B8DE-870BE394497F}.Release|Any CPU.Build.0 = Release|Any CPU
		{5EE6046B-54B7-4F7F-B8DE-870BE394497F}.Release|x64.ActiveCfg = Release|Any CPU
		{5EE6046B-54B7-4F7F-B8DE-870BE394497F}.Release|x64.Build.0 = Release|Any CPU
		{5EE6046B-54B7-4F7F-B8DE-870BE394497F}.Release|x86.ActiveCfg = Release|Any CPU
		{5EE6046B-54B7-4F7F-B8DE-870BE394497F}.Release|x86.Build.0 = Release|Any CPU
	EndGlobalSection
	GlobalSection(SolutionProperties) = preSolution
		HideSolutionNode = FALSE
	EndGlobalSection
	GlobalSection(ExtensibilityGlobals) = postSolution
		SolutionGuid = {10E6BD8A-AC3B-42CB-8D76-3890E770E063}
	EndGlobalSection
EndGlobal
